<?xml version="1.0" encoding="utf-8"?>
<Project ToolsVersion="17.0" xmlns="http://schemas.microsoft.com/developer/msbuild/2003">
  <ItemGroup>
    <CustomBuild Include="C:\Users\enola\OneDrive\Desktop\Githubplateforme\2026\CPP\2048-tile-twister\build-vs\CMakeFiles\1f58343b1a5b2dbfb9aa394538367e2c\generate.stamp.rule">
      <Filter>CMake Rules</Filter>
    </CustomBuild>
  </ItemGroup>
  <ItemGroup>
    <Filter Include="CMake Rules">
      <UniqueIdentifier>{DE7BD48A-9FD4-3E71-8C42-E853C22D5B76}</UniqueIdentifier>
    </Filter>
  </ItemGroup>
</Project>
